devDependencies:
  app-root-dir: 1.0.2
  dotenv-safe: 6.1.0
  lodash: 4.17.21
lockfileVersion: 5.1
packages:
  /app-root-dir/1.0.2:
    dev: true
    resolution:
      integrity: sha1-OBh+wt6nV3//Az/8sSFyaS/24Rg=
  /dotenv-safe/6.1.0:
    dependencies:
      dotenv: 6.2.0
    dev: true
    resolution:
      integrity: sha512-O02OUTS+XmoRNZR4kRjJ9jlUGvQoXpMeTVVEBc8hUtgvPTgVZpsZH7TOocq4RVDpPrs2xGPwj6gIWjqRX+ErHA==
  /dotenv/6.2.0:
    dev: true
    engines:
      node: '>=6'
    resolution:
      integrity: sha512-HygQCKUBSFl8wKQZBSemMywRWcEDNidvNbjGVyZu3nbZ8qq9ubiPoGLMdRDpfSrpkkm9BXYFkpKxxFX38o/76w==
  /lodash/4.17.21:
    dev: true
    resolution:
      integrity: sha512-v2kDEe57lecTulaDIuNTPy3Ry4gLGJ6Z1O3vE1krgXZNrsQ+LFTGHVxVjcXPs17LhbZVGedAJv8XZ1tvj5FvSg==
specifiers:
  app-root-dir: 1.0.2
  dotenv-safe: 6.1.0
  lodash: ^4.17.20
